{
  "name": "uhppoted-nodejs-examples",
  "lockfileVersion": 2,
  "requires": true,
  "packages": {
    "": {
      "name": "uhppoted-nodejs-examples",
      "dependencies": {
        "uhppoted": "file:.."
      }
    },
    "..": {
      "name": "uhppoted",
      "version": "0.6.14",
      "license": "MIT",
      "dependencies": {
        "ip": "^1.1.5",
        "os": "^0.1.1"
      },
      "devDependencies": {
        "chai": "^4.3.4",
        "eslint": "^7.28.0",
        "eslint-config-standard": "^16.0.3",
        "eslint-plugin-import": "^2.23.4",
        "eslint-plugin-node": "^11.1.0",
        "eslint-plugin-promise": "^5.1.0",
        "jsdoc": "^3.6.7",
        "mocha": "^8.4.0"
      },
      "engines": {
        "node": ">=15.14.0"
      }
    },
    "node_modules/uhppoted": {
      "resolved": "..",
      "link": true
    }
  },
  "dependencies": {
    "uhppoted": {
      "version": "file:..",
      "requires": {
        "chai": "^4.3.4",
        "eslint": "^7.28.0",
        "eslint-config-standard": "^16.0.3",
        "eslint-plugin-import": "^2.23.4",
        "eslint-plugin-node": "^11.1.0",
        "eslint-plugin-promise": "^5.1.0",
        "ip": "^1.1.5",
        "jsdoc": "^3.6.7",
        "mocha": "^8.4.0",
        "os": "^0.1.1"
      }
    }
  }
}
