{
 "name": "uhppoted-nodejs-examples",
 "lockfileVersion": 2,
 "requires": true,
 "packages": {
  "": {
   "name": "uhppoted-nodejs-examples",
   "dependencies": {
    "uhppoted": "file:.."
   }
  },
  "..": {
   "version": "0.6.13",
   "license": "MIT",
   "dependencies": {
    "dgram": "^1.0.1",
    "ip": "^1.1.5",
    "os": "^0.1.1"
   },
   "devDependencies": {
    "chai": "^4.3.4",
    "eslint": "^7.26.0",
    "eslint-config-standard": "^16.0.2",
    "eslint-plugin-import": "^2.22.1",
    "eslint-plugin-node": "^11.1.0",
    "eslint-plugin-promise": "^4.3.1",
    "mocha": "^8.4.0"
   },
   "engines": {
    "node": ">=14.14.0"
   }
  },
  "node_modules/uhppoted": {
   "resolved": "..",
   "link": true
  }
 },
 "dependencies": {
  "uhppoted": {
   "version": "file:..",
   "requires": {
    "chai": "^4.3.4",
    "dgram": "^1.0.1",
    "eslint": "^7.26.0",
    "eslint-config-standard": "^16.0.2",
    "eslint-plugin-import": "^2.22.1",
    "eslint-plugin-node": "^11.1.0",
    "eslint-plugin-promise": "^4.3.1",
    "ip": "^1.1.5",
    "mocha": "^8.4.0",
    "os": "^0.1.1"
   }
  }
 }
}
